
Microsoft Visual Studio Solution File, Format Version 12.00
# Visual Studio Version 17
VisualStudioVersion = 17.14.36623.8 d17.14
MinimumVisualStudioVersion = 10.0.40219.1
Project("{FAE04EC0-301F-11D3-BF4B-00C04F79EFBC}") = "StudentManager", "StudentManager\StudentManager.csproj", "{564D39DC-4FED-446F-86B4-339D441ACDF2}"
EndProject
Global
	GlobalSection(SolutionConfigurationPlatforms) = preSolution
		Debug|Any CPU = Debug|Any CPU
		Release|Any CPU = Release|Any CPU
	EndGlobalSection
	GlobalSection(ProjectConfigurationPlatforms) = postSolution
		{564D39DC-4FED-446F-86B4-339D441ACDF2}.Debug|Any CPU.ActiveCfg = Debug|Any CPU
		{564D39DC-4FED-446F-86B4-339D441ACDF2}.Debug|Any CPU.Build.0 = Debug|Any CPU
		{564D39DC-4FED-446F-86B4-339D441ACDF2}.Release|Any CPU.ActiveCfg = Release|Any CPU
		{564D39DC-4FED-446F-86B4-339D441ACDF2}.Release|Any CPU.Build.0 = Release|Any CPU
	EndGlobalSection
	GlobalSection(SolutionProperties) = preSolution
		HideSolutionNode = FALSE
	EndGlobalSection
	GlobalSection(ExtensibilityGlobals) = postSolution
		SolutionGuid = {8909E69D-AA9B-4A5D-9CF0-60D5EB4D932D}
	EndGlobalSection
EndGlobal
